
Microsoft Visual Studio Solution File, Format Version 12.00
# Visual Studio Version 16
VisualStudioVersion = 16.0.29709.97
MinimumVisualStudioVersion = 10.0.40219.1
Project("{9A19103F-16F7-4668-BE54-9A1E7A4F7556}") = "HelloWorld", "HelloWorld\HelloWorld.csproj", "{674CC20F-C57F-413B-9BFB-DF81CC37FF1B}"
EndProject
Project("{9A19103F-16F7-4668-BE54-9A1E7A4F7556}") = "Interface", "Interface\Interface.csproj", "{79FEF074-0E63-4BDE-A59F-1C6258EC6E25}"
EndProject
Project("{9A19103F-16F7-4668-BE54-9A1E7A4F7556}") = "Review", "Review\Review.csproj", "{86410A1B-2EFC-434A-BE60-8701F32B1BB6}"
EndProject
Project("{9A19103F-16F7-4668-BE54-9A1E7A4F7556}") = "Factory", "Factory\Factory.csproj", "{C3B5DF37-4624-4CBB-B32F-BEEA9FE192BB}"
EndProject
Project("{9A19103F-16F7-4668-BE54-9A1E7A4F7556}") = "AbstractFactory", "AbstractFactory\AbstractFactory.csproj", "{48967890-FD7E-47A9-8F78-1B450D6D36FC}"
EndProject
Project("{9A19103F-16F7-4668-BE54-9A1E7A4F7556}") = "Builder", "Builder\Builder.csproj", "{117940BA-D24A-4A7A-8D95-2BE441108445}"
EndProject
Project("{9A19103F-16F7-4668-BE54-9A1E7A4F7556}") = "Prototype", "Prototype\Prototype.csproj", "{DCBB87DA-5573-4359-9DDD-711ABE074F4A}"
EndProject
Project("{9A19103F-16F7-4668-BE54-9A1E7A4F7556}") = "Singleton", "Singleton\Singleton.csproj", "{82412DDF-C6FA-4744-9572-7BCC535B6D8C}"
EndProject
Project("{FAE04EC0-301F-11D3-BF4B-00C04F79EFBC}") = "Adapter", "Adapter\Adapter.csproj", "{D117DC7B-9723-4915-AE47-A6BF97A77DA7}"
EndProject
Project("{FAE04EC0-301F-11D3-BF4B-00C04F79EFBC}") = "Solid", "Solid\Solid.csproj", "{2A0B7F2B-8B52-471F-9AAD-8297BB70338B}"
EndProject
Project("{FAE04EC0-301F-11D3-BF4B-00C04F79EFBC}") = "Compositee", "Compositee\Compositee.csproj", "{816C4164-08C1-4EC5-85BB-FF48240D54B1}"
EndProject
Global
	GlobalSection(SolutionConfigurationPlatforms) = preSolution
		Debug|Any CPU = Debug|Any CPU
		Release|Any CPU = Release|Any CPU
	EndGlobalSection
	GlobalSection(ProjectConfigurationPlatforms) = postSolution
		{674CC20F-C57F-413B-9BFB-DF81CC37FF1B}.Debug|Any CPU.ActiveCfg = Debug|Any CPU
		{674CC20F-C57F-413B-9BFB-DF81CC37FF1B}.Debug|Any CPU.Build.0 = Debug|Any CPU
		{674CC20F-C57F-413B-9BFB-DF81CC37FF1B}.Release|Any CPU.ActiveCfg = Release|Any CPU
		{674CC20F-C57F-413B-9BFB-DF81CC37FF1B}.Release|Any CPU.Build.0 = Release|Any CPU
		{79FEF074-0E63-4BDE-A59F-1C6258EC6E25}.Debug|Any CPU.ActiveCfg = Debug|Any CPU
		{79FEF074-0E63-4BDE-A59F-1C6258EC6E25}.Debug|Any CPU.Build.0 = Debug|Any CPU
		{79FEF074-0E63-4BDE-A59F-1C6258EC6E25}.Release|Any CPU.ActiveCfg = Release|Any CPU
		{79FEF074-0E63-4BDE-A59F-1C6258EC6E25}.Release|Any CPU.Build.0 = Release|Any CPU
		{86410A1B-2EFC-434A-BE60-8701F32B1BB6}.Debug|Any CPU.ActiveCfg = Debug|Any CPU
		{86410A1B-2EFC-434A-BE60-8701F32B1BB6}.Debug|Any CPU.Build.0 = Debug|Any CPU
		{86410A1B-2EFC-434A-BE60-8701F32B1BB6}.Release|Any CPU.ActiveCfg = Release|Any CPU
		{86410A1B-2EFC-434A-BE60-8701F32B1BB6}.Release|Any CPU.Build.0 = Release|Any CPU
		{C3B5DF37-4624-4CBB-B32F-BEEA9FE192BB}.Debug|Any CPU.ActiveCfg = Debug|Any CPU
		{C3B5DF37-4624-4CBB-B32F-BEEA9FE192BB}.Debug|Any CPU.Build.0 = Debug|Any CPU
		{C3B5DF37-4624-4CBB-B32F-BEEA9FE192BB}.Release|Any CPU.ActiveCfg = Release|Any CPU
		{C3B5DF37-4624-4CBB-B32F-BEEA9FE192BB}.Release|Any CPU.Build.0 = Release|Any CPU
		{48967890-FD7E-47A9-8F78-1B450D6D36FC}.Debug|Any CPU.ActiveCfg = Debug|Any CPU
		{48967890-FD7E-47A9-8F78-1B450D6D36FC}.Debug|Any CPU.Build.0 = Debug|Any CPU
		{48967890-FD7E-47A9-8F78-1B450D6D36FC}.Release|Any CPU.ActiveCfg = Release|Any CPU
		{48967890-FD7E-47A9-8F78-1B450D6D36FC}.Release|Any CPU.Build.0 = Release|Any CPU
		{117940BA-D24A-4A7A-8D95-2BE441108445}.Debug|Any CPU.ActiveCfg = Debug|Any CPU
		{117940BA-D24A-4A7A-8D95-2BE441108445}.Debug|Any CPU.Build.0 = Debug|Any CPU
		{117940BA-D24A-4A7A-8D95-2BE441108445}.Release|Any CPU.ActiveCfg = Release|Any CPU
		{117940BA-D24A-4A7A-8D95-2BE441108445}.Release|Any CPU.Build.0 = Release|Any CPU
		{DCBB87DA-5573-4359-9DDD-711ABE074F4A}.Debug|Any CPU.ActiveCfg = Debug|Any CPU
		{DCBB87DA-5573-4359-9DDD-711ABE074F4A}.Debug|Any CPU.Build.0 = Debug|Any CPU
		{DCBB87DA-5573-4359-9DDD-711ABE074F4A}.Release|Any CPU.ActiveCfg = Release|Any CPU
		{DCBB87DA-5573-4359-9DDD-711ABE074F4A}.Release|Any CPU.Build.0 = Release|Any CPU
		{82412DDF-C6FA-4744-9572-7BCC535B6D8C}.Debug|Any CPU.ActiveCfg = Debug|Any CPU
		{82412DDF-C6FA-4744-9572-7BCC535B6D8C}.Debug|Any CPU.Build.0 = Debug|Any CPU
		{82412DDF-C6FA-4744-9572-7BCC535B6D8C}.Release|Any CPU.ActiveCfg = Release|Any CPU
		{82412DDF-C6FA-4744-9572-7BCC535B6D8C}.Release|Any CPU.Build.0 = Release|Any CPU
		{D117DC7B-9723-4915-AE47-A6BF97A77DA7}.Debug|Any CPU.ActiveCfg = Debug|Any CPU
		{D117DC7B-9723-4915-AE47-A6BF97A77DA7}.Debug|Any CPU.Build.0 = Debug|Any CPU
		{D117DC7B-9723-4915-AE47-A6BF97A77DA7}.Release|Any CPU.ActiveCfg = Release|Any CPU
		{D117DC7B-9723-4915-AE47-A6BF97A77DA7}.Release|Any CPU.Build.0 = Release|Any CPU
		{2A0B7F2B-8B52-471F-9AAD-8297BB70338B}.Debug|Any CPU.ActiveCfg = Debug|Any CPU
		{2A0B7F2B-8B52-471F-9AAD-8297BB70338B}.Debug|Any CPU.Build.0 = Debug|Any CPU
		{2A0B7F2B-8B52-471F-9AAD-8297BB70338B}.Release|Any CPU.ActiveCfg = Release|Any CPU
		{2A0B7F2B-8B52-471F-9AAD-8297BB70338B}.Release|Any CPU.Build.0 = Release|Any CPU
		{816C4164-08C1-4EC5-85BB-FF48240D54B1}.Debug|Any CPU.ActiveCfg = Debug|Any CPU
		{816C4164-08C1-4EC5-85BB-FF48240D54B1}.Debug|Any CPU.Build.0 = Debug|Any CPU
		{816C4164-08C1-4EC5-85BB-FF48240D54B1}.Release|Any CPU.ActiveCfg = Release|Any CPU
		{816C4164-08C1-4EC5-85BB-FF48240D54B1}.Release|Any CPU.Build.0 = Release|Any CPU
	EndGlobalSection
	GlobalSection(SolutionProperties) = preSolution
		HideSolutionNode = FALSE
	EndGlobalSection
	GlobalSection(ExtensibilityGlobals) = postSolution
		SolutionGuid = {C2F4F5F2-E631-4F0B-8273-AA3D709719AB}
	EndGlobalSection
EndGlobal
